# This file is autogenerated, do not edit; changes may be undone by the next 'dep ensure'.


[[projects]]
  digest = "1:3e16b38456fa0dd6173c032e594cc070a0167755f5af89afcfd32ca92d7764e3"
  name = "github.com/gorilla/handlers"
  packages = ["."]
  pruneopts = ""
  revision = "8a3748addc242fc560bd6d4ff28b0374c010b1b4"
  version = "v1.4.2"

[[projects]]
  digest = "1:fbab76ba211c99fcd45a481a32530efc229f3510fd94889f361dcaf13ff05fe0"
  name = "github.com/gorilla/mux"
  packages = ["."]
  pruneopts = ""
  revision = "75dcda0896e109a2a22c9315bca3bb21b87b2ba5"
  version = "v1.7.4"

[solve-meta]
  analyzer-name = "dep"
  analyzer-version = 1
  input-imports = [
    "github.com/gorilla/handlers",
    "github.com/gorilla/mux",
  ]
  solver-name = "gps-cdcl"
  solver-version = 1
